
Microsoft Visual Studio Solution File, Format Version 9.00
# Visual Studio 2005
Project("{8BC9CEB8-8B4A-11D0-8D11-00A0C91BC942}") = "mod", "mod.vcproj", "{32DF848A-2994-455D-BD7C-21648D4AB859}"
EndProject
Global
	GlobalSection(SolutionConfigurationPlatforms) = preSolution
		Debug|Win32 = Debug|Win32
		Release|Win32 = Release|Win32
	EndGlobalSection
	GlobalSection(ProjectConfigurationPlatforms) = postSolution
		{32DF848A-2994-455D-BD7C-21648D4AB859}.Debug|Win32.ActiveCfg = Debug|Win32
		{32DF848A-2994-455D-BD7C-21648D4AB859}.Debug|Win32.Build.0 = Debug|Win32
		{32DF848A-2994-455D-BD7C-21648D4AB859}.Release|Win32.ActiveCfg = Release|Win32
		{32DF848A-2994-455D-BD7C-21648D4AB859}.Release|Win32.Build.0 = Release|Win32
	EndGlobalSection
	GlobalSection(SolutionProperties) = preSolution
		HideSolutionNode = FALSE
	EndGlobalSection
EndGlobal
